
Microsoft Visual Studio Solution File, Format Version 12.00
# Visual Studio Version 17
VisualStudioVersion = 17.2.32630.192
MinimumVisualStudioVersion = 10.0.40219.1
Project("{9A19103F-16F7-4668-BE54-9A1E7A4F7556}") = "R5T.F0117", "R5T.F0117\R5T.F0117.csproj", "{123CEDAC-2AD9-4CFD-8F58-6C2D1B444C6F}"
EndProject
Project("{2150E333-8FDC-42A3-9474-1A3956D46DE8}") = "_Dependencies", "_Dependencies", "{21F8A502-E277-42F2-9AB6-84C69EB5DC1D}"
EndProject
Project("{9A19103F-16F7-4668-BE54-9A1E7A4F7556}") = "R5T.L0001", "..\..\R5T.L0001\source\R5T.L0001\R5T.L0001.csproj", "{C31EFC38-A648-425D-A9F3-39F801FF19B9}"
EndProject
Project("{9A19103F-16F7-4668-BE54-9A1E7A4F7556}") = "R5T.T0132", "..\..\R5T.T0132\source\R5T.T0132\R5T.T0132.csproj", "{4AB6B14B-5313-4F89-A9A9-FD5CD46951B9}"
EndProject
Project("{9A19103F-16F7-4668-BE54-9A1E7A4F7556}") = "R5T.T0143", "..\..\R5T.T0143\source\R5T.T0143\R5T.T0143.csproj", "{A07C1EB9-9377-4DDB-85FE-B8F83746C9AF}"
EndProject
Project("{9A19103F-16F7-4668-BE54-9A1E7A4F7556}") = "R5T.T0178", "..\..\R5T.T0178\source\R5T.T0178\R5T.T0178.csproj", "{76F35E4C-3401-4EEF-AA11-25A487A2B7D2}"
EndProject
Project("{9A19103F-16F7-4668-BE54-9A1E7A4F7556}") = "R5T.T0179", "..\..\R5T.T0179\source\R5T.T0179\R5T.T0179.csproj", "{72EEBC24-DDA7-4A2C-A86D-122D8DC61745}"
EndProject
Project("{9A19103F-16F7-4668-BE54-9A1E7A4F7556}") = "R5T.T0180", "..\..\R5T.T0180\source\R5T.T0180\R5T.T0180.csproj", "{14756026-4F0E-4B24-9E92-72F3DD55E52E}"
EndProject
Global
	GlobalSection(NestedProjects) = preSolution
		{C31EFC38-A648-425D-A9F3-39F801FF19B9} = {21F8A502-E277-42F2-9AB6-84C69EB5DC1D}
		{4AB6B14B-5313-4F89-A9A9-FD5CD46951B9} = {21F8A502-E277-42F2-9AB6-84C69EB5DC1D}
		{A07C1EB9-9377-4DDB-85FE-B8F83746C9AF} = {21F8A502-E277-42F2-9AB6-84C69EB5DC1D}
		{76F35E4C-3401-4EEF-AA11-25A487A2B7D2} = {21F8A502-E277-42F2-9AB6-84C69EB5DC1D}
		{72EEBC24-DDA7-4A2C-A86D-122D8DC61745} = {21F8A502-E277-42F2-9AB6-84C69EB5DC1D}
		{14756026-4F0E-4B24-9E92-72F3DD55E52E} = {21F8A502-E277-42F2-9AB6-84C69EB5DC1D}
	EndGlobalSection
	GlobalSection(SolutionConfigurationPlatforms) = preSolution
		Debug|Any CPU = Debug|Any CPU
		Release|Any CPU = Release|Any CPU
	EndGlobalSection
	GlobalSection(ProjectConfigurationPlatforms) = postSolution
		{123CEDAC-2AD9-4CFD-8F58-6C2D1B444C6F}.Debug|Any CPU.ActiveCfg = Debug|Any CPU
		{123CEDAC-2AD9-4CFD-8F58-6C2D1B444C6F}.Debug|Any CPU.Build.0 = Debug|Any CPU
		{123CEDAC-2AD9-4CFD-8F58-6C2D1B444C6F}.Release|Any CPU.ActiveCfg = Release|Any CPU
		{123CEDAC-2AD9-4CFD-8F58-6C2D1B444C6F}.Release|Any CPU.Build.0 = Release|Any CPU
		{C31EFC38-A648-425D-A9F3-39F801FF19B9}.Debug|Any CPU.ActiveCfg = Debug|Any CPU
		{C31EFC38-A648-425D-A9F3-39F801FF19B9}.Debug|Any CPU.Build.0 = Debug|Any CPU
		{C31EFC38-A648-425D-A9F3-39F801FF19B9}.Release|Any CPU.ActiveCfg = Release|Any CPU
		{C31EFC38-A648-425D-A9F3-39F801FF19B9}.Release|Any CPU.Build.0 = Release|Any CPU
		{4AB6B14B-5313-4F89-A9A9-FD5CD46951B9}.Debug|Any CPU.ActiveCfg = Debug|Any CPU
		{4AB6B14B-5313-4F89-A9A9-FD5CD46951B9}.Debug|Any CPU.Build.0 = Debug|Any CPU
		{4AB6B14B-5313-4F89-A9A9-FD5CD46951B9}.Release|Any CPU.ActiveCfg = Release|Any CPU
		{4AB6B14B-5313-4F89-A9A9-FD5CD46951B9}.Release|Any CPU.Build.0 = Release|Any CPU
		{A07C1EB9-9377-4DDB-85FE-B8F83746C9AF}.Debug|Any CPU.ActiveCfg = Debug|Any CPU
		{A07C1EB9-9377-4DDB-85FE-B8F83746C9AF}.Debug|Any CPU.Build.0 = Debug|Any CPU
		{A07C1EB9-9377-4DDB-85FE-B8F83746C9AF}.Release|Any CPU.ActiveCfg = Release|Any CPU
		{A07C1EB9-9377-4DDB-85FE-B8F83746C9AF}.Release|Any CPU.Build.0 = Release|Any CPU
		{76F35E4C-3401-4EEF-AA11-25A487A2B7D2}.Debug|Any CPU.ActiveCfg = Debug|Any CPU
		{76F35E4C-3401-4EEF-AA11-25A487A2B7D2}.Debug|Any CPU.Build.0 = Debug|Any CPU
		{76F35E4C-3401-4EEF-AA11-25A487A2B7D2}.Release|Any CPU.ActiveCfg = Release|Any CPU
		{76F35E4C-3401-4EEF-AA11-25A487A2B7D2}.Release|Any CPU.Build.0 = Release|Any CPU
		{72EEBC24-DDA7-4A2C-A86D-122D8DC61745}.Debug|Any CPU.ActiveCfg = Debug|Any CPU
		{72EEBC24-DDA7-4A2C-A86D-122D8DC61745}.Debug|Any CPU.Build.0 = Debug|Any CPU
		{72EEBC24-DDA7-4A2C-A86D-122D8DC61745}.Release|Any CPU.ActiveCfg = Release|Any CPU
		{72EEBC24-DDA7-4A2C-A86D-122D8DC61745}.Release|Any CPU.Build.0 = Release|Any CPU
		{14756026-4F0E-4B24-9E92-72F3DD55E52E}.Debug|Any CPU.ActiveCfg = Debug|Any CPU
		{14756026-4F0E-4B24-9E92-72F3DD55E52E}.Debug|Any CPU.Build.0 = Debug|Any CPU
		{14756026-4F0E-4B24-9E92-72F3DD55E52E}.Release|Any CPU.ActiveCfg = Release|Any CPU
		{14756026-4F0E-4B24-9E92-72F3DD55E52E}.Release|Any CPU.Build.0 = Release|Any CPU
	EndGlobalSection
	GlobalSection(SolutionProperties) = preSolution
		HideSolutionNode = FALSE
	EndGlobalSection
	GlobalSection(ExtensibilityGlobals) = postSolution
		SolutionGuid = {921F31BD-8669-4CDA-BB1C-6E13CA5BD378}
	EndGlobalSection
EndGlobal
